
Microsoft Visual Studio Solution File, Format Version 12.00
# Visual Studio Version 17
VisualStudioVersion = 17.5.002.0
MinimumVisualStudioVersion = 10.0.40219.1
Project("{9A19103F-16F7-4668-BE54-9A1E7A4F7556}") = "Clean.Site", "Clean.Site.csproj", "{00942200-AD07-44B4-80A6-FEBB5B6FBF46}"
EndProject
Global
	GlobalSection(SolutionConfigurationPlatforms) = preSolution
		Debug|Any CPU = Debug|Any CPU
		Release|Any CPU = Release|Any CPU
	EndGlobalSection
	GlobalSection(ProjectConfigurationPlatforms) = postSolution
		{00942200-AD07-44B4-80A6-FEBB5B6FBF46}.Debug|Any CPU.ActiveCfg = Debug|Any CPU
		{00942200-AD07-44B4-80A6-FEBB5B6FBF46}.Debug|Any CPU.Build.0 = Debug|Any CPU
		{00942200-AD07-44B4-80A6-FEBB5B6FBF46}.Release|Any CPU.ActiveCfg = Release|Any CPU
		{00942200-AD07-44B4-80A6-FEBB5B6FBF46}.Release|Any CPU.Build.0 = Release|Any CPU
	EndGlobalSection
	GlobalSection(SolutionProperties) = preSolution
		HideSolutionNode = FALSE
	EndGlobalSection
	GlobalSection(ExtensibilityGlobals) = postSolution
		SolutionGuid = {E6024766-CD80-4929-B83E-E5AF39E86A8A}
	EndGlobalSection
EndGlobal
